// !$*UTF8*$!
{
	archiveVersion = 1;
	classes = {
	};
	objectVersion = 77;
	objects = {

/* Begin PBXBuildFile section */
		4CD130CC2F520362000CF4E7 /* ComposableArchitecture in Frameworks */ = {isa = PBXBuildFile; productRef = 4CD130CB2F520362000CF4E7 /* ComposableArchitecture */; };
		4CD131022F5247AF000CF4E7 /* Tagged in Frameworks */ = {isa = PBXBuildFile; productRef = 4CD131012F5247AF000CF4E7 /* Tagged */; };
/* End PBXBuildFile section */

/* Begin PBXContainerItemProxy section */
		4CD130A22F5202C4000CF4E7 /* PBXContainerItemProxy */ = {
			isa = PBXContainerItemProxy;
			containerPortal = 4CD1308C2F5202C3000CF4E7 /* Project object */;
			proxyType = 1;
			remoteGlobalIDString = 4CD130932F5202C3000CF4E7;
			remoteInfo = StravaProfileViewer;
		};
		4CD130AC2F5202C4000CF4E7 /* PBXContainerItemProxy */ = {
			isa = PBXContainerItemProxy;
			containerPortal = 4CD1308C2F5202C3000CF4E7 /* Project object */;
			proxyType = 1;
			remoteGlobalIDString = 4CD130932F5202C3000CF4E7;
			remoteInfo = StravaProfileViewer;
		};
/* End PBXContainerItemProxy section */

/* Begin PBXFileReference section */
		4CD130942F5202C3000CF4E7 /* StravaProfileViewer.app */ = {isa = PBXFileReference; explicitFileType = wrapper.application; includeInIndex = 0; path = StravaProfileViewer.app; sourceTree = BUILT_PRODUCTS_DIR; };
		4CD130A12F5202C4000CF4E7 /* StravaProfileViewerTests.xctest */ = {isa = PBXFileReference; explicitFileType = wrapper.cfbundle; includeInIndex = 0; path = StravaProfileViewerTests.xctest; sourceTree = BUILT_PRODUCTS_DIR; };
		4CD130AB2F5202C4000CF4E7 /* StravaProfileViewerUITests.xctest */ = {isa = PBXFileReference; explicitFileType = wrapper.cfbundle; includeInIndex = 0; path = StravaProfileViewerUITests.xctest; sourceTree = BUILT_PRODUCTS_DIR; };
/* End PBXFileReference section */

/* Begin PBXFileSystemSynchronizedRootGroup section */
		4CD130962F5202C3000CF4E7 /* StravaProfileViewer */ = {
			isa = PBXFileSystemSynchronizedRootGroup;
			path = StravaProfileViewer;
			sourceTree = "<group>";
		};
		4CD130A42F5202C4000CF4E7 /* StravaProfileViewerTests */ = {
			isa = PBXFileSystemSynchronizedRootGroup;
			path = StravaProfileViewerTests;
			sourceTree = "<group>";
		};
		4CD130AE2F5202C4000CF4E7 /* StravaProfileViewerUITests */ = {
			isa = PBXFileSystemSynchronizedRootGroup;
			path = StravaProfileViewerUITests;
			sourceTree = "<group>";
		};
/* End PBXFileSystemSynchronizedRootGroup section */

/* Begin PBXFrameworksBuildPhase section */
		4CD130912F5202C3000CF4E7 /* Frameworks */ = {
			isa = PBXFrameworksBuildPhase;
			buildActionMask = 2147483647;
			files = (
				4CD131022F5247AF000CF4E7 /* Tagged in Frameworks */,
				4CD130CC2F520362000CF4E7 /* ComposableArchitecture in Frameworks */,
			);
			runOnlyForDeploymentPostprocessing = 0;
		};
		4CD1309E2F5202C4000CF4E7 /* Frameworks */ = {
			isa = PBXFrameworksBuildPhase;
			buildActionMask = 2147483647;
			files = (
			);
			runOnlyForDeploymentPostprocessing = 0;
		};
		4CD130A82F5202C4000CF4E7 /* Frameworks */ = {
			isa = PBXFrameworksBuildPhase;
			buildActionMask = 2147483647;
			files = (
			);
			runOnlyForDeploymentPostprocessing = 0;
		};
/* End PBXFrameworksBuildPhase section */

/* Begin PBXGroup section */
		4CD1308B2F5202C3000CF4E7 = {
			isa = PBXGroup;
			children = (
				4CD130962F5202C3000CF4E7 /* StravaProfileViewer */,
				4CD130A42F5202C4000CF4E7 /* StravaProfileViewerTests */,
				4CD130AE2F5202C4000CF4E7 /* StravaProfileViewerUITests */,
				4CD130952F5202C3000CF4E7 /* Products */,
			);
			sourceTree = "<group>";
		};
		4CD130952F5202C3000CF4E7 /* Products */ = {
			isa = PBXGroup;
			children = (
				4CD130942F5202C3000CF4E7 /* StravaProfileViewer.app */,
				4CD130A12F5202C4000CF4E7 /* StravaProfileViewerTests.xctest */,
				4CD130AB2F5202C4000CF4E7 /* StravaProfileViewerUITests.xctest */,
			);
			name = Products;
			sourceTree = "<group>";
		};
/* End PBXGroup section */

/* Begin PBXNativeTarget section */
		4CD130932F5202C3000CF4E7 /* StravaProfileViewer */ = {
			isa = PBXNativeTarget;
			buildConfigurationList = 4CD130B52F5202C4000CF4E7 /* Build configuration list for PBXNativeTarget "StravaProfileViewer" */;
			buildPhases = (
				4CD130902F5202C3000CF4E7 /* Sources */,
				4CD130912F5202C3000CF4E7 /* Frameworks */,
				4CD130922F5202C3000CF4E7 /* Resources */,
			);
			buildRules = (
			);
			dependencies = (
			);
			fileSystemSynchronizedGroups = (
				4CD130962F5202C3000CF4E7 /* StravaProfileViewer */,
			);
			name = StravaProfileViewer;
			packageProductDependencies = (
				4CD130CB2F520362000CF4E7 /* ComposableArchitecture */,
				4CD131012F5247AF000CF4E7 /* Tagged */,
			);
			productName = StravaProfileViewer;
			productReference = 4CD130942F5202C3000CF4E7 /* StravaProfileViewer.app */;
			productType = "com.apple.product-type.application";
		};
		4CD130A02F5202C4000CF4E7 /* StravaProfileViewerTests */ = {
			isa = PBXNativeTarget;
			buildConfigurationList = 4CD130B82F5202C4000CF4E7 /* Build configuration list for PBXNativeTarget "StravaProfileViewerTests" */;
			buildPhases = (
				4CD1309D2F5202C4000CF4E7 /* Sources */,
				4CD1309E2F5202C4000CF4E7 /* Frameworks */,
				4CD1309F2F5202C4000CF4E7 /* Resources */,
			);
			buildRules = (
			);
			dependencies = (
				4CD130A32F5202C4000CF4E7 /* PBXTargetDependency */,
			);
			fileSystemSynchronizedGroups = (
				4CD130A42F5202C4000CF4E7 /* StravaProfileViewerTests */,
			);
			name = StravaProfileViewerTests;
			packageProductDependencies = (
			);
			productName = StravaProfileViewerTests;
			productReference = 4CD130A12F5202C4000CF4E7 /* StravaProfileViewerTests.xctest */;
			productType = "com.apple.product-type.bundle.unit-test";
		};
		4CD130AA2F5202C4000CF4E7 /* StravaProfileViewerUITests */ = {
			isa = PBXNativeTarget;
			buildConfigurationList = 4CD130BB2F5202C4000CF4E7 /* Build configuration list for PBXNativeTarget "StravaProfileViewerUITests" */;
			buildPhases = (
				4CD130A72F5202C4000CF4E7 /* Sources */,
				4CD130A82F5202C4000CF4E7 /* Frameworks */,
				4CD130A92F5202C4000CF4E7 /* Resources */,
			);
			buildRules = (
			);
			dependencies = (
				4CD130AD2F5202C4000CF4E7 /* PBXTargetDependency */,
			);
			fileSystemSynchronizedGroups = (
				4CD130AE2F5202C4000CF4E7 /* StravaProfileViewerUITests */,
			);
			name = StravaProfileViewerUITests;
			packageProductDependencies = (
			);
			productName = StravaProfileViewerUITests;
			productReference = 4CD130AB2F5202C4000CF4E7 /* StravaProfileViewerUITests.xctest */;
			productType = "com.apple.product-type.bundle.ui-testing";
		};
/* End PBXNativeTarget section */

/* Begin PBXProject section */
		4CD1308C2F5202C3000CF4E7 /* Project object */ = {
			isa = PBXProject;
			attributes = {
				BuildIndependentTargetsInParallel = 1;
				LastSwiftUpdateCheck = 2620;
				LastUpgradeCheck = 2620;
				TargetAttributes = {
					4CD130932F5202C3000CF4E7 = {
						CreatedOnToolsVersion = 26.2;
					};
					4CD130A02F5202C4000CF4E7 = {
						CreatedOnToolsVersion = 26.2;
						TestTargetID = 4CD130932F5202C3000CF4E7;
					};
					4CD130AA2F5202C4000CF4E7 = {
						CreatedOnToolsVersion = 26.2;
						TestTargetID = 4CD130932F5202C3000CF4E7;
					};
				};
			};
			buildConfigurationList = 4CD1308F2F5202C3000CF4E7 /* Build configuration list for PBXProject "StravaProfileViewer" */;
			developmentRegion = en;
			hasScannedForEncodings = 0;
			knownRegions = (
				en,
				Base,
			);
			mainGroup = 4CD1308B2F5202C3000CF4E7;
			minimizedProjectReferenceProxies = 1;
			packageReferences = (
				4CD130CA2F520362000CF4E7 /* XCRemoteSwiftPackageReference "swift-composable-architecture" */,
				4CD131002F5247AF000CF4E7 /* XCRemoteSwiftPackageReference "swift-tagged" */,
			);
			preferredProjectObjectVersion = 77;
			productRefGroup = 4CD130952F5202C3000CF4E7 /* Products */;
			projectDirPath = "";
			projectRoot = "";
			targets = (
				4CD130932F5202C3000CF4E7 /* StravaProfileViewer */,
				4CD130A02F5202C4000CF4E7 /* StravaProfileViewerTests */,
				4CD130AA2F5202C4000CF4E7 /* StravaProfileViewerUITests */,
			);
		};
/* End PBXProject section */

/* Begin PBXResourcesBuildPhase section */
		4CD130922F5202C3000CF4E7 /* Resources */ = {
			isa = PBXResourcesBuildPhase;
			buildActionMask = 2147483647;
			files = (
			);
			runOnlyForDeploymentPostprocessing = 0;
		};
		4CD1309F2F5202C4000CF4E7 /* Resources */ = {
			isa = PBXResourcesBuildPhase;
			buildActionMask = 2147483647;
			files = (
			);
			runOnlyForDeploymentPostprocessing = 0;
		};
		4CD130A92F5202C4000CF4E7 /* Resources */ = {
			isa = PBXResourcesBuildPhase;
			buildActionMask = 2147483647;
			files = (
			);
			runOnlyForDeploymentPostprocessing = 0;
		};
/* End PBXResourcesBuildPhase section */

/* Begin PBXSourcesBuildPhase section */
		4CD130902F5202C3000CF4E7 /* Sources */ = {
			isa = PBXSourcesBuildPhase;
			buildActionMask = 2147483647;
			files = (
			);
			runOnlyForDeploymentPostprocessing = 0;
		};
		4CD1309D2F5202C4000CF4E7 /* Sources */ = {
			isa = PBXSourcesBuildPhase;
			buildActionMask = 2147483647;
			files = (
			);
			runOnlyForDeploymentPostprocessing = 0;
		};
		4CD130A72F5202C4000CF4E7 /* Sources */ = {
			isa = PBXSourcesBuildPhase;
			buildActionMask = 2147483647;
			files = (
			);
			runOnlyForDeploymentPostprocessing = 0;
		};
/* End PBXSourcesBuildPhase section */

/* Begin PBXTargetDependency section */
		4CD130A32F5202C4000CF4E7 /* PBXTargetDependency */ = {
			isa = PBXTargetDependency;
			target = 4CD130932F5202C3000CF4E7 /* StravaProfileViewer */;
			targetProxy = 4CD130A22F5202C4000CF4E7 /* PBXContainerItemProxy */;
		};
		4CD130AD2F5202C4000CF4E7 /* PBXTargetDependency */ = {
			isa = PBXTargetDependency;
			target = 4CD130932F5202C3000CF4E7 /* StravaProfileViewer */;
			targetProxy = 4CD130AC2F5202C4000CF4E7 /* PBXContainerItemProxy */;
		};
/* End PBXTargetDependency section */

/* Begin XCBuildConfiguration section */
		4CD130B32F5202C4000CF4E7 /* Debug */ = {
			isa = XCBuildConfiguration;
			buildSettings = {
				ALWAYS_SEARCH_USER_PATHS = NO;
				ASSETCATALOG_COMPILER_GENERATE_SWIFT_ASSET_SYMBOL_EXTENSIONS = YES;
				CLANG_ANALYZER_NONNULL = YES;
				CLANG_ANALYZER_NUMBER_OBJECT_CONVERSION = YES_AGGRESSIVE;
				CLANG_CXX_LANGUAGE_STANDARD = "gnu++20";
				CLANG_ENABLE_MODULES = YES;
				CLANG_ENABLE_OBJC_ARC = YES;
				CLANG_ENABLE_OBJC_WEAK = YES;
				CLANG_WARN_BLOCK_CAPTURE_AUTORELEASING = YES;
				CLANG_WARN_BOOL_CONVERSION = YES;
				CLANG_WARN_COMMA = YES;
				CLANG_WARN_CONSTANT_CONVERSION = YES;
				CLANG_WARN_DEPRECATED_OBJC_IMPLEMENTATIONS = YES;
				CLANG_WARN_DIRECT_OBJC_ISA_USAGE = YES_ERROR;
				CLANG_WARN_DOCUMENTATION_COMMENTS = YES;
				CLANG_WARN_EMPTY_BODY = YES;
				CLANG_WARN_ENUM_CONVERSION = YES;
				CLANG_WARN_INFINITE_RECURSION = YES;
				CLANG_WARN_INT_CONVERSION = YES;
				CLANG_WARN_NON_LITERAL_NULL_CONVERSION = YES;
				CLANG_WARN_OBJC_IMPLICIT_RETAIN_SELF = YES;
				CLANG_WARN_OBJC_LITERAL_CONVERSION = YES;
				CLANG_WARN_OBJC_ROOT_CLASS = YES_ERROR;
				CLANG_WARN_QUOTED_INCLUDE_IN_FRAMEWORK_HEADER = YES;
				CLANG_WARN_RANGE_LOOP_ANALYSIS = YES;
				CLANG_WARN_STRICT_PROTOTYPES = YES;
				CLANG_WARN_SUSPICIOUS_MOVE = YES;
				CLANG_WARN_UNGUARDED_AVAILABILITY = YES_AGGRESSIVE;
				CLANG_WARN_UNREACHABLE_CODE = YES;
				CLANG_WARN__DUPLICATE_METHOD_MATCH = YES;
				COPY_PHASE_STRIP = NO;
				DEBUG_INFORMATION_FORMAT = dwarf;
				ENABLE_STRICT_OBJC_MSGSEND = YES;
				ENABLE_TESTABILITY = YES;
				ENABLE_USER_SCRIPT_SANDBOXING = YES;
				GCC_C_LANGUAGE_STANDARD = gnu17;
				GCC_DYNAMIC_NO_PIC = NO;
				GCC_NO_COMMON_BLOCKS = YES;
				GCC_OPTIMIZATION_LEVEL = 0;
				GCC_PREPROCESSOR_DEFINITIONS = (
					"DEBUG=1",
					"$(inherited)",
				);
				GCC_WARN_64_TO_32_BIT_CONVERSION = YES;
				GCC_WARN_ABOUT_RETURN_TYPE = YES_ERROR;
				GCC_WARN_UNDECLARED_SELECTOR = YES;
				GCC_WARN_UNINITIALIZED_AUTOS = YES_AGGRESSIVE;
				GCC_WARN_UNUSED_FUNCTION = YES;
				GCC_WARN_UNUSED_VARIABLE = YES;
				IPHONEOS_DEPLOYMENT_TARGET = 26.2;
				LOCALIZATION_PREFERS_STRING_CATALOGS = YES;
				MTL_ENABLE_DEBUG_INFO = INCLUDE_SOURCE;
				MTL_FAST_MATH = YES;
				ONLY_ACTIVE_ARCH = YES;
				SDKROOT = iphoneos;
				SWIFT_ACTIVE_COMPILATION_CONDITIONS = "DEBUG $(inherited)";
				SWIFT_OPTIMIZATION_LEVEL = "-Onone";
				SWIFT_VERSION = 5.0;
			};
			name = Debug;
		};
		4CD130B42F5202C4000CF4E7 /* Release */ = {
			isa = XCBuildConfiguration;
			buildSettings = {
				ALWAYS_SEARCH_USER_PATHS = NO;
				ASSETCATALOG_COMPILER_GENERATE_SWIFT_ASSET_SYMBOL_EXTENSIONS = YES;
				CLANG_ANALYZER_NONNULL = YES;
				CLANG_ANALYZER_NUMBER_OBJECT_CONVERSION = YES_AGGRESSIVE;
				CLANG_CXX_LANGUAGE_STANDARD = "gnu++20";
				CLANG_ENABLE_MODULES = YES;
				CLANG_ENABLE_OBJC_ARC = YES;
				CLANG_ENABLE_OBJC_WEAK = YES;
				CLANG_WARN_BLOCK_CAPTURE_AUTORELEASING = YES;
				CLANG_WARN_BOOL_CONVERSION = YES;
				CLANG_WARN_COMMA = YES;
				CLANG_WARN_CONSTANT_CONVERSION = YES;
				CLANG_WARN_DEPRECATED_OBJC_IMPLEMENTATIONS = YES;
				CLANG_WARN_DIRECT_OBJC_ISA_USAGE = YES_ERROR;
				CLANG_WARN_DOCUMENTATION_COMMENTS = YES;
				CLANG_WARN_EMPTY_BODY = YES;
				CLANG_WARN_ENUM_CONVERSION = YES;
				CLANG_WARN_INFINITE_RECURSION = YES;
				CLANG_WARN_INT_CONVERSION = YES;
				CLANG_WARN_NON_LITERAL_NULL_CONVERSION = YES;
				CLANG_WARN_OBJC_IMPLICIT_RETAIN_SELF = YES;
				CLANG_WARN_OBJC_LITERAL_CONVERSION = YES;
				CLANG_WARN_OBJC_ROOT_CLASS = YES_ERROR;
				CLANG_WARN_QUOTED_INCLUDE_IN_FRAMEWORK_HEADER = YES;
				CLANG_WARN_RANGE_LOOP_ANALYSIS = YES;
				CLANG_WARN_STRICT_PROTOTYPES = YES;
				CLANG_WARN_SUSPICIOUS_MOVE = YES;
				CLANG_WARN_UNGUARDED_AVAILABILITY = YES_AGGRESSIVE;
				CLANG_WARN_UNREACHABLE_CODE = YES;
				CLANG_WARN__DUPLICATE_METHOD_MATCH = YES;
				COPY_PHASE_STRIP = NO;
				DEBUG_INFORMATION_FORMAT = "dwarf-with-dsym";
				ENABLE_NS_ASSERTIONS = NO;
				ENABLE_STRICT_OBJC_MSGSEND = YES;
				ENABLE_USER_SCRIPT_SANDBOXING = YES;
				GCC_C_LANGUAGE_STANDARD = gnu17;
				GCC_NO_COMMON_BLOCKS = YES;
				GCC_WARN_64_TO_32_BIT_CONVERSION = YES;
				GCC_WARN_ABOUT_RETURN_TYPE = YES_ERROR;
				GCC_WARN_UNDECLARED_SELECTOR = YES;
				GCC_WARN_UNINITIALIZED_AUTOS = YES_AGGRESSIVE;
				GCC_WARN_UNUSED_FUNCTION = YES;
				GCC_WARN_UNUSED_VARIABLE = YES;
				IPHONEOS_DEPLOYMENT_TARGET = 26.2;
				LOCALIZATION_PREFERS_STRING_CATALOGS = YES;
				MTL_ENABLE_DEBUG_INFO = NO;
				MTL_FAST_MATH = YES;
				SDKROOT = iphoneos;
				SWIFT_COMPILATION_MODE = wholemodule;
				SWIFT_VERSION = 5.0;
				VALIDATE_PRODUCT = YES;
			};
			name = Release;
		};
		4CD130B62F5202C4000CF4E7 /* Debug */ = {
			isa = XCBuildConfiguration;
			buildSettings = {
				ASSETCATALOG_COMPILER_APPICON_NAME = AppIcon;
				ASSETCATALOG_COMPILER_GLOBAL_ACCENT_COLOR_NAME = AccentColor;
				CODE_SIGN_STYLE = Automatic;
				CURRENT_PROJECT_VERSION = 1;
				ENABLE_PREVIEWS = YES;
				GENERATE_INFOPLIST_FILE = YES;
				INFOPLIST_KEY_UIApplicationSceneManifest_Generation = YES;
				INFOPLIST_KEY_UIApplicationSupportsIndirectInputEvents = YES;
				INFOPLIST_KEY_UILaunchScreen_Generation = YES;
				INFOPLIST_KEY_UISupportedInterfaceOrientations_iPad = "UIInterfaceOrientationPortrait UIInterfaceOrientationPortraitUpsideDown UIInterfaceOrientationLandscapeLeft UIInterfaceOrientationLandscapeRight";
				INFOPLIST_KEY_UISupportedInterfaceOrientations_iPhone = "UIInterfaceOrientationPortrait UIInterfaceOrientationLandscapeLeft UIInterfaceOrientationLandscapeRight";
				LD_RUNPATH_SEARCH_PATHS = (
					"$(inherited)",
					"@executable_path/Frameworks",
				);
				MARKETING_VERSION = 1.0;
				PRODUCT_BUNDLE_IDENTIFIER = YuchenNie.StravaProfileViewer;
				PRODUCT_NAME = "$(TARGET_NAME)";
				STRING_CATALOG_GENERATE_SYMBOLS = YES;
				SWIFT_APPROACHABLE_CONCURRENCY = YES;
				SWIFT_DEFAULT_ACTOR_ISOLATION = MainActor;
				SWIFT_EMIT_LOC_STRINGS = YES;
				SWIFT_UPCOMING_FEATURE_MEMBER_IMPORT_VISIBILITY = YES;
				SWIFT_VERSION = 5.0;
				TARGETED_DEVICE_FAMILY = "1,2";
			};
			name = Debug;
		};
		4CD130B72F5202C4000CF4E7 /* Release */ = {
			isa = XCBuildConfiguration;
			buildSettings = {
				ASSETCATALOG_COMPILER_APPICON_NAME = AppIcon;
				ASSETCATALOG_COMPILER_GLOBAL_ACCENT_COLOR_NAME = AccentColor;
				CODE_SIGN_STYLE = Automatic;
				CURRENT_PROJECT_VERSION = 1;
				ENABLE_PREVIEWS = YES;
				GENERATE_INFOPLIST_FILE = YES;
				INFOPLIST_KEY_UIApplicationSceneManifest_Generation = YES;
				INFOPLIST_KEY_UIApplicationSupportsIndirectInputEvents = YES;
				INFOPLIST_KEY_UILaunchScreen_Generation = YES;
				INFOPLIST_KEY_UISupportedInterfaceOrientations_iPad = "UIInterfaceOrientationPortrait UIInterfaceOrientationPortraitUpsideDown UIInterfaceOrientationLandscapeLeft UIInterfaceOrientationLandscapeRight";
				INFOPLIST_KEY_UISupportedInterfaceOrientations_iPhone = "UIInterfaceOrientationPortrait UIInterfaceOrientationLandscapeLeft UIInterfaceOrientationLandscapeRight";
				LD_RUNPATH_SEARCH_PATHS = (
					"$(inherited)",
					"@executable_path/Frameworks",
				);
				MARKETING_VERSION = 1.0;
				PRODUCT_BUNDLE_IDENTIFIER = YuchenNie.StravaProfileViewer;
				PRODUCT_NAME = "$(TARGET_NAME)";
				STRING_CATALOG_GENERATE_SYMBOLS = YES;
				SWIFT_APPROACHABLE_CONCURRENCY = YES;
				SWIFT_DEFAULT_ACTOR_ISOLATION = MainActor;
				SWIFT_EMIT_LOC_STRINGS = YES;
				SWIFT_UPCOMING_FEATURE_MEMBER_IMPORT_VISIBILITY = YES;
				SWIFT_VERSION = 5.0;
				TARGETED_DEVICE_FAMILY = "1,2";
			};
			name = Release;
		};
		4CD130B92F5202C4000CF4E7 /* Debug */ = {
			isa = XCBuildConfiguration;
			buildSettings = {
				BUNDLE_LOADER = "$(TEST_HOST)";
				CODE_SIGN_STYLE = Automatic;
				CURRENT_PROJECT_VERSION = 1;
				GENERATE_INFOPLIST_FILE = YES;
				IPHONEOS_DEPLOYMENT_TARGET = 26.2;
				MARKETING_VERSION = 1.0;
				PRODUCT_BUNDLE_IDENTIFIER = YuchenNie.StravaProfileViewerTests;
				PRODUCT_NAME = "$(TARGET_NAME)";
				STRING_CATALOG_GENERATE_SYMBOLS = NO;
				SWIFT_APPROACHABLE_CONCURRENCY = YES;
				SWIFT_EMIT_LOC_STRINGS = NO;
				SWIFT_UPCOMING_FEATURE_MEMBER_IMPORT_VISIBILITY = YES;
				SWIFT_VERSION = 5.0;
				TARGETED_DEVICE_FAMILY = "1,2";
				TEST_HOST = "$(BUILT_PRODUCTS_DIR)/StravaProfileViewer.app/$(BUNDLE_EXECUTABLE_FOLDER_PATH)/StravaProfileViewer";
			};
			name = Debug;
		};
		4CD130BA2F5202C4000CF4E7 /* Release */ = {
			isa = XCBuildConfiguration;
			buildSettings = {
				BUNDLE_LOADER = "$(TEST_HOST)";
				CODE_SIGN_STYLE = Automatic;
				CURRENT_PROJECT_VERSION = 1;
				GENERATE_INFOPLIST_FILE = YES;
				IPHONEOS_DEPLOYMENT_TARGET = 26.2;
				MARKETING_VERSION = 1.0;
				PRODUCT_BUNDLE_IDENTIFIER = YuchenNie.StravaProfileViewerTests;
				PRODUCT_NAME = "$(TARGET_NAME)";
				STRING_CATALOG_GENERATE_SYMBOLS = NO;
				SWIFT_APPROACHABLE_CONCURRENCY = YES;
				SWIFT_EMIT_LOC_STRINGS = NO;
				SWIFT_UPCOMING_FEATURE_MEMBER_IMPORT_VISIBILITY = YES;
				SWIFT_VERSION = 5.0;
				TARGETED_DEVICE_FAMILY = "1,2";
				TEST_HOST = "$(BUILT_PRODUCTS_DIR)/StravaProfileViewer.app/$(BUNDLE_EXECUTABLE_FOLDER_PATH)/StravaProfileViewer";
			};
			name = Release;
		};
		4CD130BC2F5202C4000CF4E7 /* Debug */ = {
			isa = XCBuildConfiguration;
			buildSettings = {
				CODE_SIGN_STYLE = Automatic;
				CURRENT_PROJECT_VERSION = 1;
				GENERATE_INFOPLIST_FILE = YES;
				MARKETING_VERSION = 1.0;
				PRODUCT_BUNDLE_IDENTIFIER = YuchenNie.StravaProfileViewerUITests;
				PRODUCT_NAME = "$(TARGET_NAME)";
				STRING_CATALOG_GENERATE_SYMBOLS = NO;
				SWIFT_APPROACHABLE_CONCURRENCY = YES;
				SWIFT_EMIT_LOC_STRINGS = NO;
				SWIFT_UPCOMING_FEATURE_MEMBER_IMPORT_VISIBILITY = YES;
				SWIFT_VERSION = 5.0;
				TARGETED_DEVICE_FAMILY = "1,2";
				TEST_TARGET_NAME = StravaProfileViewer;
			};
			name = Debug;
		};
		4CD130BD2F5202C4000CF4E7 /* Release */ = {
			isa = XCBuildConfiguration;
			buildSettings = {
				CODE_SIGN_STYLE = Automatic;
				CURRENT_PROJECT_VERSION = 1;
				GENERATE_INFOPLIST_FILE = YES;
				MARKETING_VERSION = 1.0;
				PRODUCT_BUNDLE_IDENTIFIER = YuchenNie.StravaProfileViewerUITests;
				PRODUCT_NAME = "$(TARGET_NAME)";
				STRING_CATALOG_GENERATE_SYMBOLS = NO;
				SWIFT_APPROACHABLE_CONCURRENCY = YES;
				SWIFT_EMIT_LOC_STRINGS = NO;
				SWIFT_UPCOMING_FEATURE_MEMBER_IMPORT_VISIBILITY = YES;
				SWIFT_VERSION = 5.0;
				TARGETED_DEVICE_FAMILY = "1,2";
				TEST_TARGET_NAME = StravaProfileViewer;
			};
			name = Release;
		};
/* End XCBuildConfiguration section */

/* Begin XCConfigurationList section */
		4CD1308F2F5202C3000CF4E7 /* Build configuration list for PBXProject "StravaProfileViewer" */ = {
			isa = XCConfigurationList;
			buildConfigurations = (
				4CD130B32F5202C4000CF4E7 /* Debug */,
				4CD130B42F5202C4000CF4E7 /* Release */,
			);
			defaultConfigurationIsVisible = 0;
			defaultConfigurationName = Release;
		};
		4CD130B52F5202C4000CF4E7 /* Build configuration list for PBXNativeTarget "StravaProfileViewer" */ = {
			isa = XCConfigurationList;
			buildConfigurations = (
				4CD130B62F5202C4000CF4E7 /* Debug */,
				4CD130B72F5202C4000CF4E7 /* Release */,
			);
			defaultConfigurationIsVisible = 0;
			defaultConfigurationName = Release;
		};
		4CD130B82F5202C4000CF4E7 /* Build configuration list for PBXNativeTarget "StravaProfileViewerTests" */ = {
			isa = XCConfigurationList;
			buildConfigurations = (
				4CD130B92F5202C4000CF4E7 /* Debug */,
				4CD130BA2F5202C4000CF4E7 /* Release */,
			);
			defaultConfigurationIsVisible = 0;
			defaultConfigurationName = Release;
		};
		4CD130BB2F5202C4000CF4E7 /* Build configuration list for PBXNativeTarget "StravaProfileViewerUITests" */ = {
			isa = XCConfigurationList;
			buildConfigurations = (
				4CD130BC2F5202C4000CF4E7 /* Debug */,
				4CD130BD2F5202C4000CF4E7 /* Release */,
			);
			defaultConfigurationIsVisible = 0;
			defaultConfigurationName = Release;
		};
/* End XCConfigurationList section */

/* Begin XCRemoteSwiftPackageReference section */
		4CD130CA2F520362000CF4E7 /* XCRemoteSwiftPackageReference "swift-composable-architecture" */ = {
			isa = XCRemoteSwiftPackageReference;
			repositoryURL = "https://github.com/pointfreeco/swift-composable-architecture";
			requirement = {
				kind = upToNextMajorVersion;
				minimumVersion = 1.24.1;
			};
		};
		4CD131002F5247AF000CF4E7 /* XCRemoteSwiftPackageReference "swift-tagged" */ = {
			isa = XCRemoteSwiftPackageReference;
			repositoryURL = "https://github.com/pointfreeco/swift-tagged";
			requirement = {
				kind = upToNextMajorVersion;
				minimumVersion = 0.10.0;
			};
		};
/* End XCRemoteSwiftPackageReference section */

/* Begin XCSwiftPackageProductDependency section */
		4CD130CB2F520362000CF4E7 /* ComposableArchitecture */ = {
			isa = XCSwiftPackageProductDependency;
			package = 4CD130CA2F520362000CF4E7 /* XCRemoteSwiftPackageReference "swift-composable-architecture" */;
			productName = ComposableArchitecture;
		};
		4CD131012F5247AF000CF4E7 /* Tagged */ = {
			isa = XCSwiftPackageProductDependency;
			package = 4CD131002F5247AF000CF4E7 /* XCRemoteSwiftPackageReference "swift-tagged" */;
			productName = Tagged;
		};
/* End XCSwiftPackageProductDependency section */
	};
	rootObject = 4CD1308C2F5202C3000CF4E7 /* Project object */;
}
